{
  "version": 4,
  "terraform_version": "1.3.4",
  "serial": 1,
  "lineage": "5fefa532-b071-c300-1c40-753c96ae694f",
  "outputs": {},
  "resources": [
    {
      "mode": "managed",
      "type": "aws_vpc",
      "name": "potezne_vpc",
      "provider": "provider[\"registry.terraform.io/hashicorp/aws\"]",
      "instances": [
        {
          "schema_version": 1,
          "attributes": {
            "arn": "arn:aws:ec2:eu-west-1:844187532425:vpc/vpc-025e5b9989e3ac21c",
            "assign_generated_ipv6_cidr_block": false,
            "cidr_block": "192.168.0.0/24",
            "default_network_acl_id": "acl-0c2a9ed9d823800fb",
            "default_route_table_id": "rtb-0ba8c8f9c0b7b532e",
            "default_security_group_id": "sg-0cefbd160adeb175c",
            "dhcp_options_id": "dopt-08036a4c82c0dab89",
            "enable_classiclink": false,
            "enable_classiclink_dns_support": false,
            "enable_dns_hostnames": true,
            "enable_dns_support": true,
            "enable_network_address_usage_metrics": false,
            "id": "vpc-025e5b9989e3ac21c",
            "instance_tenancy": "default",
            "ipv4_ipam_pool_id": null,
            "ipv4_netmask_length": null,
            "ipv6_association_id": "",
            "ipv6_cidr_block": "",
            "ipv6_cidr_block_network_border_group": "",
            "ipv6_ipam_pool_id": "",
            "ipv6_netmask_length": 0,
            "main_route_table_id": "rtb-0ba8c8f9c0b7b532e",
            "owner_id": "844187532425",
            "tags": {
              "Name": "handson-Matuesz"
            },
            "tags_all": {
              "Name": "handson-Matuesz"
            }
          },
          "sensitive_attributes": [],
          "private": "eyJzY2hlbWFfdmVyc2lvbiI6IjEifQ=="
        }
      ]
    }
  ],
  "check_results": null
}
